// !$*UTF8*$!
{
	archiveVersion = 1;
	classes = {
	};
	objectVersion = 77;
	objects = {

/* Begin PBXBuildFile section */
		F14B314A2CDCE9A60047AE18 /* WidgetKit.framework in Frameworks */ = {isa = PBXBuildFile; fileRef = F17E3E4B2CA3AF4300F974C3 /* WidgetKit.framework */; };
		F14B314B2CDCE9A60047AE18 /* SwiftUI.framework in Frameworks */ = {isa = PBXBuildFile; fileRef = F17E3E4D2CA3AF4300F974C3 /* SwiftUI.framework */; };
		F14B31562CDCE9A80047AE18 /* PomoTAPComplicationExtension.appex in Embed Foundation Extensions */ = {isa = PBXBuildFile; fileRef = F14B31492CDCE9A60047AE18 /* PomoTAPComplicationExtension.appex */; settings = {ATTRIBUTES = (RemoveHeadersOnCopy, ); }; };
		F161DC042C9FF6750048B851 /* Pomo TAP Watch App.app in Embed Watch Content */ = {isa = PBXBuildFile; fileRef = F161DC032C9FF6750048B851 /* Pomo TAP Watch App.app */; settings = {ATTRIBUTES = (RemoveHeadersOnCopy, ); }; };
/* End PBXBuildFile section */

/* Begin PBXContainerItemProxy section */
		F14B31542CDCE9A80047AE18 /* PBXContainerItemProxy */ = {
			isa = PBXContainerItemProxy;
			containerPortal = F161DBF72C9FF6740048B851 /* Project object */;
			proxyType = 1;
			remoteGlobalIDString = F14B31482CDCE9A60047AE18;
			remoteInfo = PomoTAPComplicationExtension;
		};
		F161DC052C9FF6750048B851 /* PBXContainerItemProxy */ = {
			isa = PBXContainerItemProxy;
			containerPortal = F161DBF72C9FF6740048B851 /* Project object */;
			proxyType = 1;
			remoteGlobalIDString = F161DC022C9FF6750048B851;
			remoteInfo = "Pomo TAP Watch App";
		};
/* End PBXContainerItemProxy section */

/* Begin PBXCopyFilesBuildPhase section */
		F161DC162C9FF6760048B851 /* Embed Watch Content */ = {
			isa = PBXCopyFilesBuildPhase;
			buildActionMask = 2147483647;
			dstPath = "$(CONTENTS_FOLDER_PATH)/Watch";
			dstSubfolderSpec = 16;
			files = (
				F161DC042C9FF6750048B851 /* Pomo TAP Watch App.app in Embed Watch Content */,
			);
			name = "Embed Watch Content";
			runOnlyForDeploymentPostprocessing = 0;
		};
		F17E3E5E2CA3AF4500F974C3 /* Embed Foundation Extensions */ = {
			isa = PBXCopyFilesBuildPhase;
			buildActionMask = 2147483647;
			dstPath = "";
			dstSubfolderSpec = 13;
			files = (
				F14B31562CDCE9A80047AE18 /* PomoTAPComplicationExtension.appex in Embed Foundation Extensions */,
			);
			name = "Embed Foundation Extensions";
			runOnlyForDeploymentPostprocessing = 0;
		};
/* End PBXCopyFilesBuildPhase section */

/* Begin PBXFileReference section */
		F14B31492CDCE9A60047AE18 /* PomoTAPComplicationExtension.appex */ = {isa = PBXFileReference; explicitFileType = "wrapper.app-extension"; includeInIndex = 0; path = PomoTAPComplicationExtension.appex; sourceTree = BUILT_PRODUCTS_DIR; };
		F14B315D2CDCECCD0047AE18 /* PomoTAPComplicationExtension.entitlements */ = {isa = PBXFileReference; lastKnownFileType = text.plist.entitlements; path = PomoTAPComplicationExtension.entitlements; sourceTree = "<group>"; };
		F161DBFD2C9FF6740048B851 /* Pomo TAP.app */ = {isa = PBXFileReference; explicitFileType = wrapper.application; includeInIndex = 0; path = "Pomo TAP.app"; sourceTree = BUILT_PRODUCTS_DIR; };
		F161DC032C9FF6750048B851 /* Pomo TAP Watch App.app */ = {isa = PBXFileReference; explicitFileType = wrapper.application; includeInIndex = 0; path = "Pomo TAP Watch App.app"; sourceTree = BUILT_PRODUCTS_DIR; };
		F17E3E4B2CA3AF4300F974C3 /* WidgetKit.framework */ = {isa = PBXFileReference; lastKnownFileType = wrapper.framework; name = WidgetKit.framework; path = System/Library/Frameworks/WidgetKit.framework; sourceTree = SDKROOT; };
		F17E3E4D2CA3AF4300F974C3 /* SwiftUI.framework */ = {isa = PBXFileReference; lastKnownFileType = wrapper.framework; name = SwiftUI.framework; path = System/Library/Frameworks/SwiftUI.framework; sourceTree = SDKROOT; };
/* End PBXFileReference section */

/* Begin PBXFileSystemSynchronizedBuildFileExceptionSet section */
		F14B315A2CDCE9A80047AE18 /* Exceptions for "PomoTAPComplication" folder in "PomoTAPComplicationExtension" target */ = {
			isa = PBXFileSystemSynchronizedBuildFileExceptionSet;
			membershipExceptions = (
				Info.plist,
			);
			target = F14B31482CDCE9A60047AE18 /* PomoTAPComplicationExtension */;
		};
		F14B31612CDCEEB30047AE18 /* Exceptions for "PomoTAPComplication" folder in "Pomo TAP Watch App" target */ = {
			isa = PBXFileSystemSynchronizedBuildFileExceptionSet;
			membershipExceptions = (
				SharedTypes.swift,
			);
			target = F161DC022C9FF6750048B851 /* Pomo TAP Watch App */;
		};
		F1C6510B2CA3C8DD00399991 /* Exceptions for "Pomo TAP Watch App" folder in "Pomo TAP Watch App" target */ = {
			isa = PBXFileSystemSynchronizedBuildFileExceptionSet;
			membershipExceptions = (
				Info.plist,
			);
			target = F161DC022C9FF6750048B851 /* Pomo TAP Watch App */;
		};
/* End PBXFileSystemSynchronizedBuildFileExceptionSet section */

/* Begin PBXFileSystemSynchronizedRootGroup section */
		F14B314C2CDCE9A60047AE18 /* PomoTAPComplication */ = {
			isa = PBXFileSystemSynchronizedRootGroup;
			exceptions = (
				F14B31612CDCEEB30047AE18 /* Exceptions for "PomoTAPComplication" folder in "Pomo TAP Watch App" target */,
				F14B315A2CDCE9A80047AE18 /* Exceptions for "PomoTAPComplication" folder in "PomoTAPComplicationExtension" target */,
			);
			path = PomoTAPComplication;
			sourceTree = "<group>";
		};
		F161DC072C9FF6750048B851 /* Pomo TAP Watch App */ = {
			isa = PBXFileSystemSynchronizedRootGroup;
			exceptions = (
				F1C6510B2CA3C8DD00399991 /* Exceptions for "Pomo TAP Watch App" folder in "Pomo TAP Watch App" target */,
			);
			path = "Pomo TAP Watch App";
			sourceTree = "<group>";
		};
/* End PBXFileSystemSynchronizedRootGroup section */

/* Begin PBXFrameworksBuildPhase section */
		F14B31462CDCE9A60047AE18 /* Frameworks */ = {
			isa = PBXFrameworksBuildPhase;
			buildActionMask = 2147483647;
			files = (
				F14B314B2CDCE9A60047AE18 /* SwiftUI.framework in Frameworks */,
				F14B314A2CDCE9A60047AE18 /* WidgetKit.framework in Frameworks */,
			);
			runOnlyForDeploymentPostprocessing = 0;
		};
		F161DC002C9FF6750048B851 /* Frameworks */ = {
			isa = PBXFrameworksBuildPhase;
			buildActionMask = 2147483647;
			files = (
			);
			runOnlyForDeploymentPostprocessing = 0;
		};
/* End PBXFrameworksBuildPhase section */

/* Begin PBXGroup section */
		F161DBF62C9FF6740048B851 = {
			isa = PBXGroup;
			children = (
				F14B315D2CDCECCD0047AE18 /* PomoTAPComplicationExtension.entitlements */,
				F161DC072C9FF6750048B851 /* Pomo TAP Watch App */,
				F14B314C2CDCE9A60047AE18 /* PomoTAPComplication */,
				F17E3E4A2CA3AF4300F974C3 /* Frameworks */,
				F161DBFE2C9FF6740048B851 /* Products */,
			);
			sourceTree = "<group>";
		};
		F161DBFE2C9FF6740048B851 /* Products */ = {
			isa = PBXGroup;
			children = (
				F161DBFD2C9FF6740048B851 /* Pomo TAP.app */,
				F161DC032C9FF6750048B851 /* Pomo TAP Watch App.app */,
				F14B31492CDCE9A60047AE18 /* PomoTAPComplicationExtension.appex */,
			);
			name = Products;
			sourceTree = "<group>";
		};
		F17E3E4A2CA3AF4300F974C3 /* Frameworks */ = {
			isa = PBXGroup;
			children = (
				F17E3E4B2CA3AF4300F974C3 /* WidgetKit.framework */,
				F17E3E4D2CA3AF4300F974C3 /* SwiftUI.framework */,
			);
			name = Frameworks;
			sourceTree = "<group>";
		};
/* End PBXGroup section */

/* Begin PBXNativeTarget section */
		F14B31482CDCE9A60047AE18 /* PomoTAPComplicationExtension */ = {
			isa = PBXNativeTarget;
			buildConfigurationList = F14B31592CDCE9A80047AE18 /* Build configuration list for PBXNativeTarget "PomoTAPComplicationExtension" */;
			buildPhases = (
				F14B31452CDCE9A60047AE18 /* Sources */,
				F14B31462CDCE9A60047AE18 /* Frameworks */,
				F14B31472CDCE9A60047AE18 /* Resources */,
			);
			buildRules = (
			);
			dependencies = (
			);
			fileSystemSynchronizedGroups = (
				F14B314C2CDCE9A60047AE18 /* PomoTAPComplication */,
			);
			name = PomoTAPComplicationExtension;
			packageProductDependencies = (
			);
			productName = PomoTAPComplicationExtension;
			productReference = F14B31492CDCE9A60047AE18 /* PomoTAPComplicationExtension.appex */;
			productType = "com.apple.product-type.app-extension";
		};
		F161DBFC2C9FF6740048B851 /* Pomo TAP */ = {
			isa = PBXNativeTarget;
			buildConfigurationList = F161DC172C9FF6760048B851 /* Build configuration list for PBXNativeTarget "Pomo TAP" */;
			buildPhases = (
				F161DBFB2C9FF6740048B851 /* Resources */,
				F161DC162C9FF6760048B851 /* Embed Watch Content */,
			);
			buildRules = (
			);
			dependencies = (
				F161DC062C9FF6750048B851 /* PBXTargetDependency */,
			);
			name = "Pomo TAP";
			packageProductDependencies = (
			);
			productName = "Pomo TAP";
			productReference = F161DBFD2C9FF6740048B851 /* Pomo TAP.app */;
			productType = "com.apple.product-type.application.watchapp2-container";
		};
		F161DC022C9FF6750048B851 /* Pomo TAP Watch App */ = {
			isa = PBXNativeTarget;
			buildConfigurationList = F161DC132C9FF6760048B851 /* Build configuration list for PBXNativeTarget "Pomo TAP Watch App" */;
			buildPhases = (
				F161DBFF2C9FF6750048B851 /* Sources */,
				F161DC002C9FF6750048B851 /* Frameworks */,
				F161DC012C9FF6750048B851 /* Resources */,
				F17E3E5E2CA3AF4500F974C3 /* Embed Foundation Extensions */,
			);
			buildRules = (
			);
			dependencies = (
				F14B31552CDCE9A80047AE18 /* PBXTargetDependency */,
			);
			fileSystemSynchronizedGroups = (
				F161DC072C9FF6750048B851 /* Pomo TAP Watch App */,
			);
			name = "Pomo TAP Watch App";
			packageProductDependencies = (
			);
			productName = "Pomo TAP Watch App";
			productReference = F161DC032C9FF6750048B851 /* Pomo TAP Watch App.app */;
			productType = "com.apple.product-type.application";
		};
/* End PBXNativeTarget section */

/* Begin PBXProject section */
		F161DBF72C9FF6740048B851 /* Project object */ = {
			isa = PBXProject;
			attributes = {
				BuildIndependentTargetsInParallel = 1;
				LastSwiftUpdateCheck = 1610;
				LastUpgradeCheck = 1610;
				TargetAttributes = {
					F14B31482CDCE9A60047AE18 = {
						CreatedOnToolsVersion = 16.1;
					};
					F161DBFC2C9FF6740048B851 = {
						CreatedOnToolsVersion = 16.0;
					};
					F161DC022C9FF6750048B851 = {
						CreatedOnToolsVersion = 16.0;
					};
				};
			};
			buildConfigurationList = F161DBFA2C9FF6740048B851 /* Build configuration list for PBXProject "Pomo TAP" */;
			developmentRegion = "zh-Hans";
			hasScannedForEncodings = 0;
			knownRegions = (
				en,
				Base,
				"zh-Hans",
			);
			mainGroup = F161DBF62C9FF6740048B851;
			minimizedProjectReferenceProxies = 1;
			preferredProjectObjectVersion = 77;
			productRefGroup = F161DBFE2C9FF6740048B851 /* Products */;
			projectDirPath = "";
			projectRoot = "";
			targets = (
				F161DBFC2C9FF6740048B851 /* Pomo TAP */,
				F161DC022C9FF6750048B851 /* Pomo TAP Watch App */,
				F14B31482CDCE9A60047AE18 /* PomoTAPComplicationExtension */,
			);
		};
/* End PBXProject section */

/* Begin PBXResourcesBuildPhase section */
		F14B31472CDCE9A60047AE18 /* Resources */ = {
			isa = PBXResourcesBuildPhase;
			buildActionMask = 2147483647;
			files = (
			);
			runOnlyForDeploymentPostprocessing = 0;
		};
		F161DBFB2C9FF6740048B851 /* Resources */ = {
			isa = PBXResourcesBuildPhase;
			buildActionMask = 2147483647;
			files = (
			);
			runOnlyForDeploymentPostprocessing = 0;
		};
		F161DC012C9FF6750048B851 /* Resources */ = {
			isa = PBXResourcesBuildPhase;
			buildActionMask = 2147483647;
			files = (
			);
			runOnlyForDeploymentPostprocessing = 0;
		};
/* End PBXResourcesBuildPhase section */

/* Begin PBXSourcesBuildPhase section */
		F14B31452CDCE9A60047AE18 /* Sources */ = {
			isa = PBXSourcesBuildPhase;
			buildActionMask = 2147483647;
			files = (
			);
			runOnlyForDeploymentPostprocessing = 0;
		};
		F161DBFF2C9FF6750048B851 /* Sources */ = {
			isa = PBXSourcesBuildPhase;
			buildActionMask = 2147483647;
			files = (
			);
			runOnlyForDeploymentPostprocessing = 0;
		};
/* End PBXSourcesBuildPhase section */

/* Begin PBXTargetDependency section */
		F14B31552CDCE9A80047AE18 /* PBXTargetDependency */ = {
			isa = PBXTargetDependency;
			target = F14B31482CDCE9A60047AE18 /* PomoTAPComplicationExtension */;
			targetProxy = F14B31542CDCE9A80047AE18 /* PBXContainerItemProxy */;
		};
		F161DC062C9FF6750048B851 /* PBXTargetDependency */ = {
			isa = PBXTargetDependency;
			target = F161DC022C9FF6750048B851 /* Pomo TAP Watch App */;
			targetProxy = F161DC052C9FF6750048B851 /* PBXContainerItemProxy */;
		};
/* End PBXTargetDependency section */

/* Begin XCBuildConfiguration section */
		F14B31572CDCE9A80047AE18 /* Debug */ = {
			isa = XCBuildConfiguration;
			buildSettings = {
				ASSETCATALOG_COMPILER_GLOBAL_ACCENT_COLOR_NAME = AccentColor;
				ASSETCATALOG_COMPILER_WIDGET_BACKGROUND_COLOR_NAME = WidgetBackground;
				CODE_SIGN_ENTITLEMENTS = PomoTAPComplicationExtension.entitlements;
				CODE_SIGN_STYLE = Automatic;
				CURRENT_PROJECT_VERSION = 1;
				DEVELOPMENT_TEAM = SUJ4QYM277;
				GENERATE_INFOPLIST_FILE = YES;
				INFOPLIST_FILE = PomoTAPComplication/Info.plist;
				INFOPLIST_KEY_CFBundleDisplayName = PomoTAPComplication;
				INFOPLIST_KEY_NSHumanReadableCopyright = "";
				LD_RUNPATH_SEARCH_PATHS = (
					"$(inherited)",
					"@executable_path/Frameworks",
					"@executable_path/../../Frameworks",
					"@executable_path/../../../../Frameworks",
				);
				MARKETING_VERSION = 1.0;
				PRODUCT_BUNDLE_IDENTIFIER = "songquan.Pomo-TAP.watchkitapp.PomoTAPComplication";
				PRODUCT_NAME = "$(TARGET_NAME)";
				SDKROOT = watchos;
				SKIP_INSTALL = YES;
				SWIFT_EMIT_LOC_STRINGS = YES;
				SWIFT_VERSION = 5.0;
				TARGETED_DEVICE_FAMILY = 4;
				WATCHOS_DEPLOYMENT_TARGET = 11.6;
			};
			name = Debug;
		};
		F14B31582CDCE9A80047AE18 /* Release */ = {
			isa = XCBuildConfiguration;
			buildSettings = {
				ASSETCATALOG_COMPILER_GLOBAL_ACCENT_COLOR_NAME = AccentColor;
				ASSETCATALOG_COMPILER_WIDGET_BACKGROUND_COLOR_NAME = WidgetBackground;
				CODE_SIGN_ENTITLEMENTS = PomoTAPComplicationExtension.entitlements;
				CODE_SIGN_STYLE = Automatic;
				CURRENT_PROJECT_VERSION = 1;
				DEVELOPMENT_TEAM = SUJ4QYM277;
				GENERATE_INFOPLIST_FILE = YES;
				INFOPLIST_FILE = PomoTAPComplication/Info.plist;
				INFOPLIST_KEY_CFBundleDisplayName = PomoTAPComplication;
				INFOPLIST_KEY_NSHumanReadableCopyright = "";
				LD_RUNPATH_SEARCH_PATHS = (
					"$(inherited)",
					"@executable_path/Frameworks",
					"@executable_path/../../Frameworks",
					"@executable_path/../../../../Frameworks",
				);
				MARKETING_VERSION = 1.0;
				PRODUCT_BUNDLE_IDENTIFIER = "songquan.Pomo-TAP.watchkitapp.PomoTAPComplication";
				PRODUCT_NAME = "$(TARGET_NAME)";
				SDKROOT = watchos;
				SKIP_INSTALL = YES;
				SWIFT_EMIT_LOC_STRINGS = YES;
				SWIFT_VERSION = 5.0;
				TARGETED_DEVICE_FAMILY = 4;
				VALIDATE_PRODUCT = YES;
				WATCHOS_DEPLOYMENT_TARGET = 11.6;
			};
			name = Release;
		};
		F161DC112C9FF6760048B851 /* Debug */ = {
			isa = XCBuildConfiguration;
			buildSettings = {
				ALWAYS_SEARCH_USER_PATHS = NO;
				ASSETCATALOG_COMPILER_GENERATE_SWIFT_ASSET_SYMBOL_EXTENSIONS = YES;
				CLANG_ANALYZER_LOCALIZABILITY_NONLOCALIZED = YES;
				CLANG_ANALYZER_NONNULL = YES;
				CLANG_ANALYZER_NUMBER_OBJECT_CONVERSION = YES_AGGRESSIVE;
				CLANG_CXX_LANGUAGE_STANDARD = "gnu++20";
				CLANG_ENABLE_MODULES = YES;
				CLANG_ENABLE_OBJC_ARC = YES;
				CLANG_ENABLE_OBJC_WEAK = YES;
				CLANG_WARN_BLOCK_CAPTURE_AUTORELEASING = YES;
				CLANG_WARN_BOOL_CONVERSION = YES;
				CLANG_WARN_COMMA = YES;
				CLANG_WARN_CONSTANT_CONVERSION = YES;
				CLANG_WARN_DEPRECATED_OBJC_IMPLEMENTATIONS = YES;
				CLANG_WARN_DIRECT_OBJC_ISA_USAGE = YES_ERROR;
				CLANG_WARN_DOCUMENTATION_COMMENTS = YES;
				CLANG_WARN_EMPTY_BODY = YES;
				CLANG_WARN_ENUM_CONVERSION = YES;
				CLANG_WARN_INFINITE_RECURSION = YES;
				CLANG_WARN_INT_CONVERSION = YES;
				CLANG_WARN_NON_LITERAL_NULL_CONVERSION = YES;
				CLANG_WARN_OBJC_IMPLICIT_RETAIN_SELF = YES;
				CLANG_WARN_OBJC_LITERAL_CONVERSION = YES;
				CLANG_WARN_OBJC_ROOT_CLASS = YES_ERROR;
				CLANG_WARN_QUOTED_INCLUDE_IN_FRAMEWORK_HEADER = YES;
				CLANG_WARN_RANGE_LOOP_ANALYSIS = YES;
				CLANG_WARN_STRICT_PROTOTYPES = YES;
				CLANG_WARN_SUSPICIOUS_MOVE = YES;
				CLANG_WARN_UNGUARDED_AVAILABILITY = YES_AGGRESSIVE;
				CLANG_WARN_UNREACHABLE_CODE = YES;
				CLANG_WARN__DUPLICATE_METHOD_MATCH = YES;
				COPY_PHASE_STRIP = NO;
				DEAD_CODE_STRIPPING = YES;
				DEBUG_INFORMATION_FORMAT = dwarf;
				ENABLE_STRICT_OBJC_MSGSEND = YES;
				ENABLE_TESTABILITY = YES;
				ENABLE_USER_SCRIPT_SANDBOXING = YES;
				GCC_C_LANGUAGE_STANDARD = gnu17;
				GCC_DYNAMIC_NO_PIC = NO;
				GCC_NO_COMMON_BLOCKS = YES;
				GCC_OPTIMIZATION_LEVEL = 0;
				GCC_PREPROCESSOR_DEFINITIONS = (
					"DEBUG=1",
					"$(inherited)",
				);
				GCC_WARN_64_TO_32_BIT_CONVERSION = YES;
				GCC_WARN_ABOUT_RETURN_TYPE = YES_ERROR;
				GCC_WARN_UNDECLARED_SELECTOR = YES;
				GCC_WARN_UNINITIALIZED_AUTOS = YES_AGGRESSIVE;
				GCC_WARN_UNUSED_FUNCTION = YES;
				GCC_WARN_UNUSED_VARIABLE = YES;
				LOCALIZATION_PREFERS_STRING_CATALOGS = YES;
				MTL_ENABLE_DEBUG_INFO = INCLUDE_SOURCE;
				MTL_FAST_MATH = YES;
				ONLY_ACTIVE_ARCH = YES;
				SWIFT_ACTIVE_COMPILATION_CONDITIONS = "DEBUG $(inherited)";
				SWIFT_OPTIMIZATION_LEVEL = "-Onone";
			};
			name = Debug;
		};
		F161DC122C9FF6760048B851 /* Release */ = {
			isa = XCBuildConfiguration;
			buildSettings = {
				ALWAYS_SEARCH_USER_PATHS = NO;
				ASSETCATALOG_COMPILER_GENERATE_SWIFT_ASSET_SYMBOL_EXTENSIONS = YES;
				CLANG_ANALYZER_LOCALIZABILITY_NONLOCALIZED = YES;
				CLANG_ANALYZER_NONNULL = YES;
				CLANG_ANALYZER_NUMBER_OBJECT_CONVERSION = YES_AGGRESSIVE;
				CLANG_CXX_LANGUAGE_STANDARD = "gnu++20";
				CLANG_ENABLE_MODULES = YES;
				CLANG_ENABLE_OBJC_ARC = YES;
				CLANG_ENABLE_OBJC_WEAK = YES;
				CLANG_WARN_BLOCK_CAPTURE_AUTORELEASING = YES;
				CLANG_WARN_BOOL_CONVERSION = YES;
				CLANG_WARN_COMMA = YES;
				CLANG_WARN_CONSTANT_CONVERSION = YES;
				CLANG_WARN_DEPRECATED_OBJC_IMPLEMENTATIONS = YES;
				CLANG_WARN_DIRECT_OBJC_ISA_USAGE = YES_ERROR;
				CLANG_WARN_DOCUMENTATION_COMMENTS = YES;
				CLANG_WARN_EMPTY_BODY = YES;
				CLANG_WARN_ENUM_CONVERSION = YES;
				CLANG_WARN_INFINITE_RECURSION = YES;
				CLANG_WARN_INT_CONVERSION = YES;
				CLANG_WARN_NON_LITERAL_NULL_CONVERSION = YES;
				CLANG_WARN_OBJC_IMPLICIT_RETAIN_SELF = YES;
				CLANG_WARN_OBJC_LITERAL_CONVERSION = YES;
				CLANG_WARN_OBJC_ROOT_CLASS = YES_ERROR;
				CLANG_WARN_QUOTED_INCLUDE_IN_FRAMEWORK_HEADER = YES;
				CLANG_WARN_RANGE_LOOP_ANALYSIS = YES;
				CLANG_WARN_STRICT_PROTOTYPES = YES;
				CLANG_WARN_SUSPICIOUS_MOVE = YES;
				CLANG_WARN_UNGUARDED_AVAILABILITY = YES_AGGRESSIVE;
				CLANG_WARN_UNREACHABLE_CODE = YES;
				CLANG_WARN__DUPLICATE_METHOD_MATCH = YES;
				COPY_PHASE_STRIP = NO;
				DEAD_CODE_STRIPPING = YES;
				DEBUG_INFORMATION_FORMAT = "dwarf-with-dsym";
				ENABLE_NS_ASSERTIONS = NO;
				ENABLE_STRICT_OBJC_MSGSEND = YES;
				ENABLE_USER_SCRIPT_SANDBOXING = YES;
				GCC_C_LANGUAGE_STANDARD = gnu17;
				GCC_NO_COMMON_BLOCKS = YES;
				GCC_WARN_64_TO_32_BIT_CONVERSION = YES;
				GCC_WARN_ABOUT_RETURN_TYPE = YES_ERROR;
				GCC_WARN_UNDECLARED_SELECTOR = YES;
				GCC_WARN_UNINITIALIZED_AUTOS = YES_AGGRESSIVE;
				GCC_WARN_UNUSED_FUNCTION = YES;
				GCC_WARN_UNUSED_VARIABLE = YES;
				LOCALIZATION_PREFERS_STRING_CATALOGS = YES;
				MTL_ENABLE_DEBUG_INFO = NO;
				MTL_FAST_MATH = YES;
				SWIFT_COMPILATION_MODE = wholemodule;
			};
			name = Release;
		};
		F161DC142C9FF6760048B851 /* Debug */ = {
			isa = XCBuildConfiguration;
			buildSettings = {
				ASSETCATALOG_COMPILER_APPICON_NAME = AppIcon;
				ASSETCATALOG_COMPILER_GLOBAL_ACCENT_COLOR_NAME = AccentColor;
				CODE_SIGN_ENTITLEMENTS = "Pomo TAP Watch App/Pomo TAP Watch App.entitlements";
				CODE_SIGN_STYLE = Automatic;
				CURRENT_PROJECT_VERSION = 1;
				DEVELOPMENT_ASSET_PATHS = "\"Pomo TAP Watch App/Preview Content\"";
				DEVELOPMENT_TEAM = SUJ4QYM277;
				ENABLE_PREVIEWS = YES;
				GENERATE_INFOPLIST_FILE = YES;
				INFOPLIST_FILE = "Pomo-TAP-Watch-App-Info.plist";
				INFOPLIST_KEY_CFBundleDisplayName = "捏捏番茄";
				INFOPLIST_KEY_LSApplicationCategoryType = "public.app-category.productivity";
				INFOPLIST_KEY_UISupportedInterfaceOrientations = "UIInterfaceOrientationPortrait UIInterfaceOrientationPortraitUpsideDown";
				INFOPLIST_KEY_WKWatchOnly = YES;
				LD_RUNPATH_SEARCH_PATHS = (
					"$(inherited)",
					"@executable_path/Frameworks",
				);
				MARKETING_VERSION = 1.0;
				PRODUCT_BUNDLE_IDENTIFIER = "songquan.Pomo-TAP.watchkitapp";
				PRODUCT_NAME = "$(TARGET_NAME)";
				SDKROOT = watchos;
				SKIP_INSTALL = YES;
				SWIFT_EMIT_LOC_STRINGS = YES;
				SWIFT_VERSION = 5.0;
				TARGETED_DEVICE_FAMILY = 4;
				WATCHOS_DEPLOYMENT_TARGET = 11.6;
			};
			name = Debug;
		};
		F161DC152C9FF6760048B851 /* Release */ = {
			isa = XCBuildConfiguration;
			buildSettings = {
				ASSETCATALOG_COMPILER_APPICON_NAME = AppIcon;
				ASSETCATALOG_COMPILER_GLOBAL_ACCENT_COLOR_NAME = AccentColor;
				CODE_SIGN_ENTITLEMENTS = "Pomo TAP Watch App/Pomo TAP Watch App.entitlements";
				CODE_SIGN_STYLE = Automatic;
				CURRENT_PROJECT_VERSION = 1;
				DEVELOPMENT_ASSET_PATHS = "\"Pomo TAP Watch App/Preview Content\"";
				DEVELOPMENT_TEAM = SUJ4QYM277;
				ENABLE_PREVIEWS = YES;
				GENERATE_INFOPLIST_FILE = YES;
				INFOPLIST_FILE = "Pomo-TAP-Watch-App-Info.plist";
				INFOPLIST_KEY_CFBundleDisplayName = "捏捏番茄";
				INFOPLIST_KEY_LSApplicationCategoryType = "public.app-category.productivity";
				INFOPLIST_KEY_UISupportedInterfaceOrientations = "UIInterfaceOrientationPortrait UIInterfaceOrientationPortraitUpsideDown";
				INFOPLIST_KEY_WKWatchOnly = YES;
				LD_RUNPATH_SEARCH_PATHS = (
					"$(inherited)",
					"@executable_path/Frameworks",
				);
				MARKETING_VERSION = 1.0;
				PRODUCT_BUNDLE_IDENTIFIER = "songquan.Pomo-TAP.watchkitapp";
				PRODUCT_NAME = "$(TARGET_NAME)";
				SDKROOT = watchos;
				SKIP_INSTALL = YES;
				SWIFT_EMIT_LOC_STRINGS = YES;
				SWIFT_VERSION = 5.0;
				TARGETED_DEVICE_FAMILY = 4;
				VALIDATE_PRODUCT = YES;
				WATCHOS_DEPLOYMENT_TARGET = 11.6;
			};
			name = Release;
		};
		F161DC182C9FF6760048B851 /* Debug */ = {
			isa = XCBuildConfiguration;
			buildSettings = {
				CODE_SIGN_STYLE = Automatic;
				CURRENT_PROJECT_VERSION = 1;
				DEVELOPMENT_TEAM = SUJ4QYM277;
				INFOPLIST_KEY_CFBundleDisplayName = "捏捏番茄";
				IPHONEOS_DEPLOYMENT_TARGET = 18.6;
				MARKETING_VERSION = 1.0;
				PRODUCT_BUNDLE_IDENTIFIER = "songquan.Pomo-TAP";
				PRODUCT_NAME = "$(TARGET_NAME)";
				SDKROOT = iphoneos;
				SWIFT_VERSION = 5.0;
			};
			name = Debug;
		};
		F161DC192C9FF6760048B851 /* Release */ = {
			isa = XCBuildConfiguration;
			buildSettings = {
				CODE_SIGN_STYLE = Automatic;
				CURRENT_PROJECT_VERSION = 1;
				DEVELOPMENT_TEAM = SUJ4QYM277;
				INFOPLIST_KEY_CFBundleDisplayName = "捏捏番茄";
				IPHONEOS_DEPLOYMENT_TARGET = 18.6;
				MARKETING_VERSION = 1.0;
				PRODUCT_BUNDLE_IDENTIFIER = "songquan.Pomo-TAP";
				PRODUCT_NAME = "$(TARGET_NAME)";
				SDKROOT = iphoneos;
				SWIFT_VERSION = 5.0;
				VALIDATE_PRODUCT = YES;
			};
			name = Release;
		};
/* End XCBuildConfiguration section */

/* Begin XCConfigurationList section */
		F14B31592CDCE9A80047AE18 /* Build configuration list for PBXNativeTarget "PomoTAPComplicationExtension" */ = {
			isa = XCConfigurationList;
			buildConfigurations = (
				F14B31572CDCE9A80047AE18 /* Debug */,
				F14B31582CDCE9A80047AE18 /* Release */,
			);
			defaultConfigurationIsVisible = 0;
			defaultConfigurationName = Release;
		};
		F161DBFA2C9FF6740048B851 /* Build configuration list for PBXProject "Pomo TAP" */ = {
			isa = XCConfigurationList;
			buildConfigurations = (
				F161DC112C9FF6760048B851 /* Debug */,
				F161DC122C9FF6760048B851 /* Release */,
			);
			defaultConfigurationIsVisible = 0;
			defaultConfigurationName = Release;
		};
		F161DC132C9FF6760048B851 /* Build configuration list for PBXNativeTarget "Pomo TAP Watch App" */ = {
			isa = XCConfigurationList;
			buildConfigurations = (
				F161DC142C9FF6760048B851 /* Debug */,
				F161DC152C9FF6760048B851 /* Release */,
			);
			defaultConfigurationIsVisible = 0;
			defaultConfigurationName = Release;
		};
		F161DC172C9FF6760048B851 /* Build configuration list for PBXNativeTarget "Pomo TAP" */ = {
			isa = XCConfigurationList;
			buildConfigurations = (
				F161DC182C9FF6760048B851 /* Debug */,
				F161DC192C9FF6760048B851 /* Release */,
			);
			defaultConfigurationIsVisible = 0;
			defaultConfigurationName = Release;
		};
/* End XCConfigurationList section */
	};
	rootObject = F161DBF72C9FF6740048B851 /* Project object */;
}
